
Microsoft Visual Studio Solution File, Format Version 12.00
# Visual Studio Version 17
VisualStudioVersion = 17.1.32210.238
MinimumVisualStudioVersion = 10.0.40219.1
Project("{FAE04EC0-301F-11D3-BF4B-00C04F79EFBC}") = "ConsoleApp15", "ConsoleApp15\ConsoleApp15.csproj", "{C37AA2A2-840A-456A-B79D-4DB5E7A13BF9}"
EndProject
Global
	GlobalSection(SolutionConfigurationPlatforms) = preSolution
		Debug|Any CPU = Debug|Any CPU
		Release|Any CPU = Release|Any CPU
	EndGlobalSection
	GlobalSection(ProjectConfigurationPlatforms) = postSolution
		{C37AA2A2-840A-456A-B79D-4DB5E7A13BF9}.Debug|Any CPU.ActiveCfg = Debug|Any CPU
		{C37AA2A2-840A-456A-B79D-4DB5E7A13BF9}.Debug|Any CPU.Build.0 = Debug|Any CPU
		{C37AA2A2-840A-456A-B79D-4DB5E7A13BF9}.Release|Any CPU.ActiveCfg = Release|Any CPU
		{C37AA2A2-840A-456A-B79D-4DB5E7A13BF9}.Release|Any CPU.Build.0 = Release|Any CPU
	EndGlobalSection
	GlobalSection(SolutionProperties) = preSolution
		HideSolutionNode = FALSE
	EndGlobalSection
	GlobalSection(ExtensibilityGlobals) = postSolution
		SolutionGuid = {BF8F3F65-4C42-4C4B-A90A-22F36490D64F}
	EndGlobalSection
EndGlobal
